github.com/deatil/go-encoding v1.0.2007 h1:Z4K4SzAQQmNLuQzvFYdS0G/BUGxJPHD4HotvfJFIr6k=
github.com/deatil/go-encoding v1.0.2007/go.mod h1:zwGNfO4DySUkTTgTDK4giY0kJzb2lHZSSS+ve5I2uX4=
github.com/google/uuid v1.6.0 h1:NIvaJDMOsjHA8n1jAhLSgzrAzy1Hgr+hNrb57e+94F0=
github.com/google/uuid v1.6.0/go.mod h1:TIyPZe4MgqvfeYDBFedMoGGpEw/LqOeaOT+nhxU+yHo=
github.com/gorilla/mux v1.8.1 h1:TuBL49tXwgrFYWhqrNgrUNEY92u81SPhu7sTdzQEiWY=
github.com/gorilla/mux v1.8.1/go.mod h1:AKf9I4AEqPTmMytcMc0KkNouC66V3BtZ4qD5fmWSiMQ=
